
Microsoft Visual Studio Solution File, Format Version 12.00
# Visual Studio 15
VisualStudioVersion = 15.0.26430.6
MinimumVisualStudioVersion = 10.0.40219.1
Project("{FAE04EC0-301F-11D3-BF4B-00C04F79EFBC}") = "1.ExceptionFilters", "1.ExceptionFilters\1.ExceptionFilters.csproj", "{B8AFC8F0-DEB7-4543-8594-CA844BEF8ADF}"
EndProject
Project("{FAE04EC0-301F-11D3-BF4B-00C04F79EFBC}") = "3.TheNameofOperator", "3.TheNameofOperator\3.TheNameofOperator.csproj", "{A8F8E5F8-68A5-45F5-A02D-2EBE2CE6C19F}"
EndProject
Project("{FAE04EC0-301F-11D3-BF4B-00C04F79EFBC}") = "4.NullConditionalOperator", "4.NullConditionalOperator\4.NullConditionalOperator.csproj", "{A499DD06-F2D7-4050-AF14-19039EF2B3E5}"
EndProject
Project("{FAE04EC0-301F-11D3-BF4B-00C04F79EFBC}") = "5.AutoPropertyInitializers", "5.AutoPropertyInitializers\5.AutoPropertyInitializers.csproj", "{8D6A69AD-EB19-4F44-B05B-2F4DD075207F}"
EndProject
Global
	GlobalSection(SolutionConfigurationPlatforms) = preSolution
		Debug|Any CPU = Debug|Any CPU
		Release|Any CPU = Release|Any CPU
	EndGlobalSection
	GlobalSection(ProjectConfigurationPlatforms) = postSolution
		{B8AFC8F0-DEB7-4543-8594-CA844BEF8ADF}.Debug|Any CPU.ActiveCfg = Debug|Any CPU
		{B8AFC8F0-DEB7-4543-8594-CA844BEF8ADF}.Debug|Any CPU.Build.0 = Debug|Any CPU
		{B8AFC8F0-DEB7-4543-8594-CA844BEF8ADF}.Release|Any CPU.ActiveCfg = Release|Any CPU
		{B8AFC8F0-DEB7-4543-8594-CA844BEF8ADF}.Release|Any CPU.Build.0 = Release|Any CPU
		{A8F8E5F8-68A5-45F5-A02D-2EBE2CE6C19F}.Debug|Any CPU.ActiveCfg = Debug|Any CPU
		{A8F8E5F8-68A5-45F5-A02D-2EBE2CE6C19F}.Debug|Any CPU.Build.0 = Debug|Any CPU
		{A8F8E5F8-68A5-45F5-A02D-2EBE2CE6C19F}.Release|Any CPU.ActiveCfg = Release|Any CPU
		{A8F8E5F8-68A5-45F5-A02D-2EBE2CE6C19F}.Release|Any CPU.Build.0 = Release|Any CPU
		{A499DD06-F2D7-4050-AF14-19039EF2B3E5}.Debug|Any CPU.ActiveCfg = Debug|Any CPU
		{A499DD06-F2D7-4050-AF14-19039EF2B3E5}.Debug|Any CPU.Build.0 = Debug|Any CPU
		{A499DD06-F2D7-4050-AF14-19039EF2B3E5}.Release|Any CPU.ActiveCfg = Release|Any CPU
		{A499DD06-F2D7-4050-AF14-19039EF2B3E5}.Release|Any CPU.Build.0 = Release|Any CPU
		{8D6A69AD-EB19-4F44-B05B-2F4DD075207F}.Debug|Any CPU.ActiveCfg = Debug|Any CPU
		{8D6A69AD-EB19-4F44-B05B-2F4DD075207F}.Debug|Any CPU.Build.0 = Debug|Any CPU
		{8D6A69AD-EB19-4F44-B05B-2F4DD075207F}.Release|Any CPU.ActiveCfg = Release|Any CPU
		{8D6A69AD-EB19-4F44-B05B-2F4DD075207F}.Release|Any CPU.Build.0 = Release|Any CPU
	EndGlobalSection
	GlobalSection(SolutionProperties) = preSolution
		HideSolutionNode = FALSE
	EndGlobalSection
EndGlobal
